
Microsoft Visual Studio Solution File, Format Version 12.00
# Visual Studio Version 16
VisualStudioVersion = 16.0.31410.357
MinimumVisualStudioVersion = 10.0.40219.1
Project("{FAE04EC0-301F-11D3-BF4B-00C04F79EFBC}") = "BestOil", "BestOil\BestOil.csproj", "{99682F70-D76E-4A56-B913-B0178CFB4731}"
EndProject
Global
	GlobalSection(SolutionConfigurationPlatforms) = preSolution
		Debug|Any CPU = Debug|Any CPU
		Release|Any CPU = Release|Any CPU
	EndGlobalSection
	GlobalSection(ProjectConfigurationPlatforms) = postSolution
		{99682F70-D76E-4A56-B913-B0178CFB4731}.Debug|Any CPU.ActiveCfg = Debug|Any CPU
		{99682F70-D76E-4A56-B913-B0178CFB4731}.Debug|Any CPU.Build.0 = Debug|Any CPU
		{99682F70-D76E-4A56-B913-B0178CFB4731}.Release|Any CPU.ActiveCfg = Release|Any CPU
		{99682F70-D76E-4A56-B913-B0178CFB4731}.Release|Any CPU.Build.0 = Release|Any CPU
	EndGlobalSection
	GlobalSection(SolutionProperties) = preSolution
		HideSolutionNode = FALSE
	EndGlobalSection
	GlobalSection(ExtensibilityGlobals) = postSolution
		SolutionGuid = {A9BA9049-FAF9-4064-8A74-2AB579596A74}
	EndGlobalSection
EndGlobal
